// !$*UTF8*$!
{
	archiveVersion = 1;
	classes = {
	};
	objectVersion = 56;
	objects = {

/* Begin PBXBuildFile section */
		1202F4E12F3337040092A465 /* PrivacyInfo.xcprivacy in Resources */ = {isa = PBXBuildFile; fileRef = 1202F4E02F3337040092A465 /* PrivacyInfo.xcprivacy */; };
		1202F4E32F3337130092A465 /* PrivacyInfo.xcprivacy in Resources */ = {isa = PBXBuildFile; fileRef = 1202F4E22F3337130092A465 /* PrivacyInfo.xcprivacy */; };
		A1000001 /* KaomojiKeyboardApp.swift in Sources */ = {isa = PBXBuildFile; fileRef = A2000001 /* KaomojiKeyboardApp.swift */; };
		A1000002 /* ContentView.swift in Sources */ = {isa = PBXBuildFile; fileRef = A2000002 /* ContentView.swift */; };
		A1000003 /* Assets.xcassets in Resources */ = {isa = PBXBuildFile; fileRef = A2000003 /* Assets.xcassets */; };
		A1000010 /* KeyboardViewController.swift in Sources */ = {isa = PBXBuildFile; fileRef = A2000010 /* KeyboardViewController.swift */; };
		A1000011 /* KeyboardView.swift in Sources */ = {isa = PBXBuildFile; fileRef = A2000011 /* KeyboardView.swift */; };
		A1000020 /* KaomojiData.swift in Sources */ = {isa = PBXBuildFile; fileRef = A2000020 /* KaomojiData.swift */; };
		A1000021 /* KaomojiBuilder.swift in Sources */ = {isa = PBXBuildFile; fileRef = A2000021 /* KaomojiBuilder.swift */; };
		A1000022 /* Models.swift in Sources */ = {isa = PBXBuildFile; fileRef = A2000022 /* Models.swift */; };
		A1000023 /* expressions.json in Resources */ = {isa = PBXBuildFile; fileRef = A2000023 /* expressions.json */; };
		A1000030 /* KaomojiData.swift in Sources */ = {isa = PBXBuildFile; fileRef = A2000020 /* KaomojiData.swift */; };
		A1000031 /* KaomojiBuilder.swift in Sources */ = {isa = PBXBuildFile; fileRef = A2000021 /* KaomojiBuilder.swift */; };
		A1000032 /* Models.swift in Sources */ = {isa = PBXBuildFile; fileRef = A2000022 /* Models.swift */; };
		A1000033 /* expressions.json in Resources */ = {isa = PBXBuildFile; fileRef = A2000023 /* expressions.json */; };
		A1000040 /* KeyboardExtension.appex in Embed Foundation Extensions */ = {isa = PBXBuildFile; fileRef = A3000002 /* KeyboardExtension.appex */; settings = {ATTRIBUTES = (RemoveHeadersOnCopy, ); }; };
		A1000050 /* SharedSettings.swift in Sources */ = {isa = PBXBuildFile; fileRef = A2000024 /* SharedSettings.swift */; };
		A1000051 /* SharedSettings.swift in Sources */ = {isa = PBXBuildFile; fileRef = A2000024 /* SharedSettings.swift */; };
		C1000001 /* KaomojiBuilderTests.swift in Sources */ = {isa = PBXBuildFile; fileRef = C2000001 /* KaomojiBuilderTests.swift */; };
		C1000002 /* KaomojiDataTests.swift in Sources */ = {isa = PBXBuildFile; fileRef = C2000002 /* KaomojiDataTests.swift */; };
		C1000003 /* SharedSettingsTests.swift in Sources */ = {isa = PBXBuildFile; fileRef = C2000003 /* SharedSettingsTests.swift */; };
		C1000004 /* PerformanceTests.swift in Sources */ = {isa = PBXBuildFile; fileRef = C2000004 /* PerformanceTests.swift */; };
		C1000005 /* KaomojiData.swift in Sources */ = {isa = PBXBuildFile; fileRef = A2000020 /* KaomojiData.swift */; };
		C1000006 /* KaomojiBuilder.swift in Sources */ = {isa = PBXBuildFile; fileRef = A2000021 /* KaomojiBuilder.swift */; };
		C1000007 /* Models.swift in Sources */ = {isa = PBXBuildFile; fileRef = A2000022 /* Models.swift */; };
		C1000008 /* SharedSettings.swift in Sources */ = {isa = PBXBuildFile; fileRef = A2000024 /* SharedSettings.swift */; };
		C1000009 /* expressions.json in Resources */ = {isa = PBXBuildFile; fileRef = A2000023 /* expressions.json */; };
/* End PBXBuildFile section */

/* Begin PBXContainerItemProxy section */
		A4000001 /* PBXContainerItemProxy */ = {
			isa = PBXContainerItemProxy;
			containerPortal = A5000001 /* Project object */;
			proxyType = 1;
			remoteGlobalIDString = A9000002;
			remoteInfo = KeyboardExtension;
		};
		C4000001 /* PBXContainerItemProxy */ = {
			isa = PBXContainerItemProxy;
			containerPortal = A5000001 /* Project object */;
			proxyType = 1;
			remoteGlobalIDString = A9000001;
			remoteInfo = KaomojiKeyboard;
		};
/* End PBXContainerItemProxy section */

/* Begin PBXCopyFilesBuildPhase section */
		A6000001 /* Embed Foundation Extensions */ = {
			isa = PBXCopyFilesBuildPhase;
			buildActionMask = 2147483647;
			dstPath = "";
			dstSubfolderSpec = 13;
			files = (
				A1000040 /* KeyboardExtension.appex in Embed Foundation Extensions */,
			);
			name = "Embed Foundation Extensions";
			runOnlyForDeploymentPostprocessing = 0;
		};
/* End PBXCopyFilesBuildPhase section */

/* Begin PBXFileReference section */
		1202F4E02F3337040092A465 /* PrivacyInfo.xcprivacy */ = {isa = PBXFileReference; lastKnownFileType = text.xml; path = PrivacyInfo.xcprivacy; sourceTree = "<group>"; };
		1202F4E22F3337130092A465 /* PrivacyInfo.xcprivacy */ = {isa = PBXFileReference; lastKnownFileType = text.xml; path = PrivacyInfo.xcprivacy; sourceTree = "<group>"; };
		A2000001 /* KaomojiKeyboardApp.swift */ = {isa = PBXFileReference; lastKnownFileType = sourcecode.swift; path = KaomojiKeyboardApp.swift; sourceTree = "<group>"; };
		A2000002 /* ContentView.swift */ = {isa = PBXFileReference; lastKnownFileType = sourcecode.swift; path = ContentView.swift; sourceTree = "<group>"; };
		A2000003 /* Assets.xcassets */ = {isa = PBXFileReference; lastKnownFileType = folder.assetcatalog; path = Assets.xcassets; sourceTree = "<group>"; };
		A2000010 /* KeyboardViewController.swift */ = {isa = PBXFileReference; lastKnownFileType = sourcecode.swift; path = KeyboardViewController.swift; sourceTree = "<group>"; };
		A2000011 /* KeyboardView.swift */ = {isa = PBXFileReference; lastKnownFileType = sourcecode.swift; path = KeyboardView.swift; sourceTree = "<group>"; };
		A2000012 /* Info.plist */ = {isa = PBXFileReference; lastKnownFileType = text.plist.xml; path = Info.plist; sourceTree = "<group>"; };
		A2000020 /* KaomojiData.swift */ = {isa = PBXFileReference; lastKnownFileType = sourcecode.swift; path = KaomojiData.swift; sourceTree = "<group>"; };
		A2000021 /* KaomojiBuilder.swift */ = {isa = PBXFileReference; lastKnownFileType = sourcecode.swift; path = KaomojiBuilder.swift; sourceTree = "<group>"; };
		A2000022 /* Models.swift */ = {isa = PBXFileReference; lastKnownFileType = sourcecode.swift; path = Models.swift; sourceTree = "<group>"; };
		A2000023 /* expressions.json */ = {isa = PBXFileReference; lastKnownFileType = text.json; path = expressions.json; sourceTree = "<group>"; };
		A2000024 /* SharedSettings.swift */ = {isa = PBXFileReference; lastKnownFileType = sourcecode.swift; path = SharedSettings.swift; sourceTree = "<group>"; };
		A2000025 /* KaomojiKeyboard.entitlements */ = {isa = PBXFileReference; lastKnownFileType = text.plist.entitlements; path = KaomojiKeyboard.entitlements; sourceTree = "<group>"; };
		A2000026 /* KeyboardExtension.entitlements */ = {isa = PBXFileReference; lastKnownFileType = text.plist.entitlements; path = KeyboardExtension.entitlements; sourceTree = "<group>"; };
		A3000001 /* KaomojiKeyboard.app */ = {isa = PBXFileReference; explicitFileType = wrapper.application; includeInIndex = 0; path = KaomojiKeyboard.app; sourceTree = BUILT_PRODUCTS_DIR; };
		A3000002 /* KeyboardExtension.appex */ = {isa = PBXFileReference; explicitFileType = "wrapper.app-extension"; includeInIndex = 0; path = KeyboardExtension.appex; sourceTree = BUILT_PRODUCTS_DIR; };
		C2000001 /* KaomojiBuilderTests.swift */ = {isa = PBXFileReference; lastKnownFileType = sourcecode.swift; path = KaomojiBuilderTests.swift; sourceTree = "<group>"; };
		C2000002 /* KaomojiDataTests.swift */ = {isa = PBXFileReference; lastKnownFileType = sourcecode.swift; path = KaomojiDataTests.swift; sourceTree = "<group>"; };
		C2000003 /* SharedSettingsTests.swift */ = {isa = PBXFileReference; lastKnownFileType = sourcecode.swift; path = SharedSettingsTests.swift; sourceTree = "<group>"; };
		C2000004 /* PerformanceTests.swift */ = {isa = PBXFileReference; lastKnownFileType = sourcecode.swift; path = PerformanceTests.swift; sourceTree = "<group>"; };
		C3000001 /* KaomojiKeyboardTests.xctest */ = {isa = PBXFileReference; explicitFileType = wrapper.cfbundle; includeInIndex = 0; path = KaomojiKeyboardTests.xctest; sourceTree = BUILT_PRODUCTS_DIR; };
/* End PBXFileReference section */

/* Begin PBXFrameworksBuildPhase section */
		A7000001 /* Frameworks */ = {
			isa = PBXFrameworksBuildPhase;
			buildActionMask = 2147483647;
			files = (
			);
			runOnlyForDeploymentPostprocessing = 0;
		};
		A7000002 /* Frameworks */ = {
			isa = PBXFrameworksBuildPhase;
			buildActionMask = 2147483647;
			files = (
			);
			runOnlyForDeploymentPostprocessing = 0;
		};
		C7000001 /* Frameworks */ = {
			isa = PBXFrameworksBuildPhase;
			buildActionMask = 2147483647;
			files = (
			);
			runOnlyForDeploymentPostprocessing = 0;
		};
/* End PBXFrameworksBuildPhase section */

/* Begin PBXGroup section */
		A8000001 = {
			isa = PBXGroup;
			children = (
				A8000002 /* KaomojiKeyboard */,
				A8000003 /* KeyboardExtension */,
				A8000004 /* Shared */,
				C8000001 /* Tests */,
				A8000005 /* Products */,
			);
			sourceTree = "<group>";
		};
		A8000002 /* KaomojiKeyboard */ = {
			isa = PBXGroup;
			children = (
				1202F4E02F3337040092A465 /* PrivacyInfo.xcprivacy */,
				A2000025 /* KaomojiKeyboard.entitlements */,
				A2000001 /* KaomojiKeyboardApp.swift */,
				A2000002 /* ContentView.swift */,
				A2000003 /* Assets.xcassets */,
			);
			path = KaomojiKeyboard;
			sourceTree = "<group>";
		};
		A8000003 /* KeyboardExtension */ = {
			isa = PBXGroup;
			children = (
				1202F4E22F3337130092A465 /* PrivacyInfo.xcprivacy */,
				A2000026 /* KeyboardExtension.entitlements */,
				A2000010 /* KeyboardViewController.swift */,
				A2000011 /* KeyboardView.swift */,
				A2000012 /* Info.plist */,
			);
			path = KeyboardExtension;
			sourceTree = "<group>";
		};
		A8000004 /* Shared */ = {
			isa = PBXGroup;
			children = (
				A2000020 /* KaomojiData.swift */,
				A2000021 /* KaomojiBuilder.swift */,
				A2000022 /* Models.swift */,
				A2000023 /* expressions.json */,
				A2000024 /* SharedSettings.swift */,
			);
			path = Shared;
			sourceTree = "<group>";
		};
		A8000005 /* Products */ = {
			isa = PBXGroup;
			children = (
				A3000001 /* KaomojiKeyboard.app */,
				A3000002 /* KeyboardExtension.appex */,
				C3000001 /* KaomojiKeyboardTests.xctest */,
			);
			name = Products;
			sourceTree = "<group>";
		};
		C8000001 /* Tests */ = {
			isa = PBXGroup;
			children = (
				C2000001 /* KaomojiBuilderTests.swift */,
				C2000002 /* KaomojiDataTests.swift */,
				C2000003 /* SharedSettingsTests.swift */,
				C2000004 /* PerformanceTests.swift */,
			);
			path = Tests;
			sourceTree = "<group>";
		};
/* End PBXGroup section */

/* Begin PBXNativeTarget section */
		A9000001 /* KaomojiKeyboard */ = {
			isa = PBXNativeTarget;
			buildConfigurationList = AA000001 /* Build configuration list for PBXNativeTarget "KaomojiKeyboard" */;
			buildPhases = (
				A9000010 /* Sources */,
				A7000001 /* Frameworks */,
				A9000012 /* Resources */,
				A6000001 /* Embed Foundation Extensions */,
			);
			buildRules = (
			);
			dependencies = (
				A9000020 /* PBXTargetDependency */,
			);
			name = KaomojiKeyboard;
			productName = KaomojiKeyboard;
			productReference = A3000001 /* KaomojiKeyboard.app */;
			productType = "com.apple.product-type.application";
		};
		A9000002 /* KeyboardExtension */ = {
			isa = PBXNativeTarget;
			buildConfigurationList = AA000002 /* Build configuration list for PBXNativeTarget "KeyboardExtension" */;
			buildPhases = (
				A9000030 /* Sources */,
				A7000002 /* Frameworks */,
				A9000031 /* Resources */,
			);
			buildRules = (
			);
			dependencies = (
			);
			name = KeyboardExtension;
			productName = KeyboardExtension;
			productReference = A3000002 /* KeyboardExtension.appex */;
			productType = "com.apple.product-type.app-extension";
		};
		C9000001 /* KaomojiKeyboardTests */ = {
			isa = PBXNativeTarget;
			buildConfigurationList = CA000001 /* Build configuration list for PBXNativeTarget "KaomojiKeyboardTests" */;
			buildPhases = (
				C9000010 /* Sources */,
				C7000001 /* Frameworks */,
				C9000011 /* Resources */,
			);
			buildRules = (
			);
			dependencies = (
				C9000020 /* PBXTargetDependency */,
			);
			name = KaomojiKeyboardTests;
			productName = KaomojiKeyboardTests;
			productReference = C3000001 /* KaomojiKeyboardTests.xctest */;
			productType = "com.apple.product-type.bundle.unit-test";
		};
/* End PBXNativeTarget section */

/* Begin PBXProject section */
		A5000001 /* Project object */ = {
			isa = PBXProject;
			attributes = {
				BuildIndependentTargetsInParallel = 1;
				LastSwiftUpdateCheck = 1500;
				LastUpgradeCheck = 1500;
				TargetAttributes = {
					A9000001 = {
						CreatedOnToolsVersion = 15.0;
					};
					A9000002 = {
						CreatedOnToolsVersion = 15.0;
					};
					C9000001 = {
						CreatedOnToolsVersion = 15.0;
						TestTargetID = A9000001;
					};
				};
			};
			buildConfigurationList = AA000003 /* Build configuration list for PBXProject "KaomojiKeyboard" */;
			compatibilityVersion = "Xcode 14.0";
			developmentRegion = en;
			hasScannedForEncodings = 0;
			knownRegions = (
				en,
				Base,
				ja,
			);
			mainGroup = A8000001;
			productRefGroup = A8000005 /* Products */;
			projectDirPath = "";
			projectRoot = "";
			targets = (
				A9000001 /* KaomojiKeyboard */,
				A9000002 /* KeyboardExtension */,
				C9000001 /* KaomojiKeyboardTests */,
			);
		};
/* End PBXProject section */

/* Begin PBXResourcesBuildPhase section */
		A9000012 /* Resources */ = {
			isa = PBXResourcesBuildPhase;
			buildActionMask = 2147483647;
			files = (
				1202F4E12F3337040092A465 /* PrivacyInfo.xcprivacy in Resources */,
				A1000003 /* Assets.xcassets in Resources */,
				A1000023 /* expressions.json in Resources */,
			);
			runOnlyForDeploymentPostprocessing = 0;
		};
		A9000031 /* Resources */ = {
			isa = PBXResourcesBuildPhase;
			buildActionMask = 2147483647;
			files = (
				1202F4E32F3337130092A465 /* PrivacyInfo.xcprivacy in Resources */,
				A1000033 /* expressions.json in Resources */,
			);
			runOnlyForDeploymentPostprocessing = 0;
		};
		C9000011 /* Resources */ = {
			isa = PBXResourcesBuildPhase;
			buildActionMask = 2147483647;
			files = (
				C1000009 /* expressions.json in Resources */,
			);
			runOnlyForDeploymentPostprocessing = 0;
		};
/* End PBXResourcesBuildPhase section */

/* Begin PBXSourcesBuildPhase section */
		A9000010 /* Sources */ = {
			isa = PBXSourcesBuildPhase;
			buildActionMask = 2147483647;
			files = (
				A1000001 /* KaomojiKeyboardApp.swift in Sources */,
				A1000002 /* ContentView.swift in Sources */,
				A1000020 /* KaomojiData.swift in Sources */,
				A1000021 /* KaomojiBuilder.swift in Sources */,
				A1000022 /* Models.swift in Sources */,
				A1000050 /* SharedSettings.swift in Sources */,
			);
			runOnlyForDeploymentPostprocessing = 0;
		};
		A9000030 /* Sources */ = {
			isa = PBXSourcesBuildPhase;
			buildActionMask = 2147483647;
			files = (
				A1000010 /* KeyboardViewController.swift in Sources */,
				A1000011 /* KeyboardView.swift in Sources */,
				A1000030 /* KaomojiData.swift in Sources */,
				A1000031 /* KaomojiBuilder.swift in Sources */,
				A1000032 /* Models.swift in Sources */,
				A1000051 /* SharedSettings.swift in Sources */,
			);
			runOnlyForDeploymentPostprocessing = 0;
		};
		C9000010 /* Sources */ = {
			isa = PBXSourcesBuildPhase;
			buildActionMask = 2147483647;
			files = (
				C1000001 /* KaomojiBuilderTests.swift in Sources */,
				C1000002 /* KaomojiDataTests.swift in Sources */,
				C1000003 /* SharedSettingsTests.swift in Sources */,
				C1000004 /* PerformanceTests.swift in Sources */,
				C1000005 /* KaomojiData.swift in Sources */,
				C1000006 /* KaomojiBuilder.swift in Sources */,
				C1000007 /* Models.swift in Sources */,
				C1000008 /* SharedSettings.swift in Sources */,
			);
			runOnlyForDeploymentPostprocessing = 0;
		};
/* End PBXSourcesBuildPhase section */

/* Begin PBXTargetDependency section */
		A9000020 /* PBXTargetDependency */ = {
			isa = PBXTargetDependency;
			target = A9000002 /* KeyboardExtension */;
			targetProxy = A4000001 /* PBXContainerItemProxy */;
		};
		C9000020 /* PBXTargetDependency */ = {
			isa = PBXTargetDependency;
			target = A9000001 /* KaomojiKeyboard */;
			targetProxy = C4000001 /* PBXContainerItemProxy */;
		};
/* End PBXTargetDependency section */

/* Begin XCBuildConfiguration section */
		AB000001 /* Debug */ = {
			isa = XCBuildConfiguration;
			buildSettings = {
				ALWAYS_SEARCH_USER_PATHS = NO;
				ASSETCATALOG_COMPILER_GENERATE_SWIFT_ASSET_SYMBOL_EXTENSIONS = YES;
				CLANG_ANALYZER_NONNULL = YES;
				CLANG_ANALYZER_NUMBER_OBJECT_CONVERSION = YES_AGGRESSIVE;
				CLANG_CXX_LANGUAGE_STANDARD = "gnu++20";
				CLANG_ENABLE_MODULES = YES;
				CLANG_ENABLE_OBJC_ARC = YES;
				CLANG_ENABLE_OBJC_WEAK = YES;
				CLANG_WARN_BLOCK_CAPTURE_AUTORELEASING = YES;
				CLANG_WARN_BOOL_CONVERSION = YES;
				CLANG_WARN_COMMA = YES;
				CLANG_WARN_CONSTANT_CONVERSION = YES;
				CLANG_WARN_DEPRECATED_OBJC_IMPLEMENTATIONS = YES;
				CLANG_WARN_DIRECT_OBJC_ISA_USAGE = YES_ERROR;
				CLANG_WARN_DOCUMENTATION_COMMENTS = YES;
				CLANG_WARN_EMPTY_BODY = YES;
				CLANG_WARN_ENUM_CONVERSION = YES;
				CLANG_WARN_INFINITE_RECURSION = YES;
				CLANG_WARN_INT_CONVERSION = YES;
				CLANG_WARN_NON_LITERAL_NULL_CONVERSION = YES;
				CLANG_WARN_OBJC_IMPLICIT_RETAIN_SELF = YES;
				CLANG_WARN_OBJC_LITERAL_CONVERSION = YES;
				CLANG_WARN_OBJC_ROOT_CLASS = YES_ERROR;
				CLANG_WARN_QUOTED_INCLUDE_IN_FRAMEWORK_HEADER = YES;
				CLANG_WARN_RANGE_LOOP_ANALYSIS = YES;
				CLANG_WARN_STRICT_PROTOTYPES = YES;
				CLANG_WARN_SUSPICIOUS_MOVE = YES;
				CLANG_WARN_UNGUARDED_AVAILABILITY = YES_AGGRESSIVE;
				CLANG_WARN_UNREACHABLE_CODE = YES;
				CLANG_WARN__DUPLICATE_METHOD_MATCH = YES;
				COPY_PHASE_STRIP = NO;
				DEBUG_INFORMATION_FORMAT = dwarf;
				ENABLE_STRICT_OBJC_MSGSEND = YES;
				ENABLE_TESTABILITY = YES;
				ENABLE_USER_SCRIPT_SANDBOXING = YES;
				GCC_C_LANGUAGE_STANDARD = gnu17;
				GCC_DYNAMIC_NO_PIC = NO;
				GCC_NO_COMMON_BLOCKS = YES;
				GCC_OPTIMIZATION_LEVEL = 0;
				GCC_PREPROCESSOR_DEFINITIONS = (
					"DEBUG=1",
					"$(inherited)",
				);
				GCC_WARN_64_TO_32_BIT_CONVERSION = YES;
				GCC_WARN_ABOUT_RETURN_TYPE = YES_ERROR;
				GCC_WARN_UNDECLARED_SELECTOR = YES;
				GCC_WARN_UNINITIALIZED_AUTOS = YES_AGGRESSIVE;
				GCC_WARN_UNUSED_FUNCTION = YES;
				GCC_WARN_UNUSED_VARIABLE = YES;
				IPHONEOS_DEPLOYMENT_TARGET = 17.0;
				LOCALIZATION_PREFERS_STRING_CATALOGS = YES;
				MTL_ENABLE_DEBUG_INFO = INCLUDE_SOURCE;
				MTL_FAST_MATH = YES;
				ONLY_ACTIVE_ARCH = YES;
				SDKROOT = iphoneos;
				SWIFT_ACTIVE_COMPILATION_CONDITIONS = "DEBUG $(inherited)";
				SWIFT_OPTIMIZATION_LEVEL = "-Onone";
			};
			name = Debug;
		};
		AB000002 /* Release */ = {
			isa = XCBuildConfiguration;
			buildSettings = {
				ALWAYS_SEARCH_USER_PATHS = NO;
				ASSETCATALOG_COMPILER_GENERATE_SWIFT_ASSET_SYMBOL_EXTENSIONS = YES;
				CLANG_ANALYZER_NONNULL = YES;
				CLANG_ANALYZER_NUMBER_OBJECT_CONVERSION = YES_AGGRESSIVE;
				CLANG_CXX_LANGUAGE_STANDARD = "gnu++20";
				CLANG_ENABLE_MODULES = YES;
				CLANG_ENABLE_OBJC_ARC = YES;
				CLANG_ENABLE_OBJC_WEAK = YES;
				CLANG_WARN_BLOCK_CAPTURE_AUTORELEASING = YES;
				CLANG_WARN_BOOL_CONVERSION = YES;
				CLANG_WARN_COMMA = YES;
				CLANG_WARN_CONSTANT_CONVERSION = YES;
				CLANG_WARN_DEPRECATED_OBJC_IMPLEMENTATIONS = YES;
				CLANG_WARN_DIRECT_OBJC_ISA_USAGE = YES_ERROR;
				CLANG_WARN_DOCUMENTATION_COMMENTS = YES;
				CLANG_WARN_EMPTY_BODY = YES;
				CLANG_WARN_ENUM_CONVERSION = YES;
				CLANG_WARN_INFINITE_RECURSION = YES;
				CLANG_WARN_INT_CONVERSION = YES;
				CLANG_WARN_NON_LITERAL_NULL_CONVERSION = YES;
				CLANG_WARN_OBJC_IMPLICIT_RETAIN_SELF = YES;
				CLANG_WARN_OBJC_LITERAL_CONVERSION = YES;
				CLANG_WARN_OBJC_ROOT_CLASS = YES_ERROR;
				CLANG_WARN_QUOTED_INCLUDE_IN_FRAMEWORK_HEADER = YES;
				CLANG_WARN_RANGE_LOOP_ANALYSIS = YES;
				CLANG_WARN_STRICT_PROTOTYPES = YES;
				CLANG_WARN_SUSPICIOUS_MOVE = YES;
				CLANG_WARN_UNGUARDED_AVAILABILITY = YES_AGGRESSIVE;
				CLANG_WARN_UNREACHABLE_CODE = YES;
				CLANG_WARN__DUPLICATE_METHOD_MATCH = YES;
				COPY_PHASE_STRIP = NO;
				DEBUG_INFORMATION_FORMAT = "dwarf-with-dsym";
				ENABLE_NS_ASSERTIONS = NO;
				ENABLE_STRICT_OBJC_MSGSEND = YES;
				ENABLE_USER_SCRIPT_SANDBOXING = YES;
				GCC_C_LANGUAGE_STANDARD = gnu17;
				GCC_NO_COMMON_BLOCKS = YES;
				GCC_WARN_64_TO_32_BIT_CONVERSION = YES;
				GCC_WARN_ABOUT_RETURN_TYPE = YES_ERROR;
				GCC_WARN_UNDECLARED_SELECTOR = YES;
				GCC_WARN_UNINITIALIZED_AUTOS = YES_AGGRESSIVE;
				GCC_WARN_UNUSED_FUNCTION = YES;
				GCC_WARN_UNUSED_VARIABLE = YES;
				IPHONEOS_DEPLOYMENT_TARGET = 17.0;
				LOCALIZATION_PREFERS_STRING_CATALOGS = YES;
				MTL_ENABLE_DEBUG_INFO = NO;
				MTL_FAST_MATH = YES;
				SDKROOT = iphoneos;
				SWIFT_COMPILATION_MODE = wholemodule;
				VALIDATE_PRODUCT = YES;
			};
			name = Release;
		};
		AB000003 /* Debug */ = {
			isa = XCBuildConfiguration;
			buildSettings = {
				ALWAYS_EMBED_SWIFT_STANDARD_LIBRARIES = YES;
				ASSETCATALOG_COMPILER_APPICON_NAME = AppIcon;
				ASSETCATALOG_COMPILER_GLOBAL_ACCENT_COLOR_NAME = AccentColor;
				CODE_SIGN_ENTITLEMENTS = KaomojiKeyboard/KaomojiKeyboard.entitlements;
				CODE_SIGN_STYLE = Automatic;
				CURRENT_PROJECT_VERSION = 1;
				DEVELOPMENT_TEAM = 3U5876YZ4F;
				GENERATE_INFOPLIST_FILE = YES;
				INFOPLIST_KEY_UIApplicationSceneManifest_Generation = YES;
				INFOPLIST_KEY_UIApplicationSupportsIndirectInputEvents = YES;
				INFOPLIST_KEY_UILaunchScreen_Generation = YES;
				INFOPLIST_KEY_UISupportedInterfaceOrientations_iPad = "UIInterfaceOrientationPortrait UIInterfaceOrientationPortraitUpsideDown UIInterfaceOrientationLandscapeLeft UIInterfaceOrientationLandscapeRight";
				INFOPLIST_KEY_UISupportedInterfaceOrientations_iPhone = "UIInterfaceOrientationPortrait UIInterfaceOrientationLandscapeLeft UIInterfaceOrientationLandscapeRight";
				LD_RUNPATH_SEARCH_PATHS = (
					"$(inherited)",
					"@executable_path/Frameworks",
				);
				MARKETING_VERSION = 1.0;
				PRODUCT_BUNDLE_IDENTIFIER = "com.tsugu-labs.KaomojiKeyboard";
				PRODUCT_NAME = "$(TARGET_NAME)";
				SWIFT_EMIT_LOC_STRINGS = YES;
				SWIFT_VERSION = 5.0;
				TARGETED_DEVICE_FAMILY = "1,2";
			};
			name = Debug;
		};
		AB000004 /* Release */ = {
			isa = XCBuildConfiguration;
			buildSettings = {
				ALWAYS_EMBED_SWIFT_STANDARD_LIBRARIES = YES;
				ASSETCATALOG_COMPILER_APPICON_NAME = AppIcon;
				ASSETCATALOG_COMPILER_GLOBAL_ACCENT_COLOR_NAME = AccentColor;
				CODE_SIGN_ENTITLEMENTS = KaomojiKeyboard/KaomojiKeyboard.entitlements;
				CODE_SIGN_STYLE = Automatic;
				CURRENT_PROJECT_VERSION = 1;
				DEVELOPMENT_TEAM = 3U5876YZ4F;
				GENERATE_INFOPLIST_FILE = YES;
				INFOPLIST_KEY_UIApplicationSceneManifest_Generation = YES;
				INFOPLIST_KEY_UIApplicationSupportsIndirectInputEvents = YES;
				INFOPLIST_KEY_UILaunchScreen_Generation = YES;
				INFOPLIST_KEY_UISupportedInterfaceOrientations_iPad = "UIInterfaceOrientationPortrait UIInterfaceOrientationPortraitUpsideDown UIInterfaceOrientationLandscapeLeft UIInterfaceOrientationLandscapeRight";
				INFOPLIST_KEY_UISupportedInterfaceOrientations_iPhone = "UIInterfaceOrientationPortrait UIInterfaceOrientationLandscapeLeft UIInterfaceOrientationLandscapeRight";
				LD_RUNPATH_SEARCH_PATHS = (
					"$(inherited)",
					"@executable_path/Frameworks",
				);
				MARKETING_VERSION = 1.0;
				PRODUCT_BUNDLE_IDENTIFIER = "com.tsugu-labs.KaomojiKeyboard";
				PRODUCT_NAME = "$(TARGET_NAME)";
				SWIFT_EMIT_LOC_STRINGS = YES;
				SWIFT_VERSION = 5.0;
				TARGETED_DEVICE_FAMILY = "1,2";
			};
			name = Release;
		};
		AB000005 /* Debug */ = {
			isa = XCBuildConfiguration;
			buildSettings = {
				CODE_SIGN_ENTITLEMENTS = KeyboardExtension/KeyboardExtension.entitlements;
				CODE_SIGN_STYLE = Automatic;
				CURRENT_PROJECT_VERSION = 1;
				DEVELOPMENT_TEAM = 3U5876YZ4F;
				GENERATE_INFOPLIST_FILE = YES;
				INFOPLIST_FILE = KeyboardExtension/Info.plist;
				INFOPLIST_KEY_CFBundleDisplayName = "顔文字";
				INFOPLIST_KEY_NSHumanReadableCopyright = "";
				LD_RUNPATH_SEARCH_PATHS = (
					"$(inherited)",
					"@executable_path/Frameworks",
					"@executable_path/../../Frameworks",
				);
				MARKETING_VERSION = 1.0;
				PRODUCT_BUNDLE_IDENTIFIER = "com.tsugu-labs.KaomojiKeyboard.KeyboardExtension";
				PRODUCT_NAME = "$(TARGET_NAME)";
				SKIP_INSTALL = YES;
				SWIFT_EMIT_LOC_STRINGS = YES;
				SWIFT_VERSION = 5.0;
				TARGETED_DEVICE_FAMILY = "1,2";
			};
			name = Debug;
		};
		AB000006 /* Release */ = {
			isa = XCBuildConfiguration;
			buildSettings = {
				CODE_SIGN_ENTITLEMENTS = KeyboardExtension/KeyboardExtension.entitlements;
				CODE_SIGN_STYLE = Automatic;
				CURRENT_PROJECT_VERSION = 1;
				DEVELOPMENT_TEAM = 3U5876YZ4F;
				GENERATE_INFOPLIST_FILE = YES;
				INFOPLIST_FILE = KeyboardExtension/Info.plist;
				INFOPLIST_KEY_CFBundleDisplayName = "顔文字";
				INFOPLIST_KEY_NSHumanReadableCopyright = "";
				LD_RUNPATH_SEARCH_PATHS = (
					"$(inherited)",
					"@executable_path/Frameworks",
					"@executable_path/../../Frameworks",
				);
				MARKETING_VERSION = 1.0;
				PRODUCT_BUNDLE_IDENTIFIER = "com.tsugu-labs.KaomojiKeyboard.KeyboardExtension";
				PRODUCT_NAME = "$(TARGET_NAME)";
				SKIP_INSTALL = YES;
				SWIFT_EMIT_LOC_STRINGS = YES;
				SWIFT_VERSION = 5.0;
				TARGETED_DEVICE_FAMILY = "1,2";
			};
			name = Release;
		};
		CB000001 /* Debug */ = {
			isa = XCBuildConfiguration;
			buildSettings = {
				BUNDLE_LOADER = "$(TEST_HOST)";
				CODE_SIGN_STYLE = Automatic;
				CURRENT_PROJECT_VERSION = 1;
				DEVELOPMENT_TEAM = 3U5876YZ4F;
				GENERATE_INFOPLIST_FILE = YES;
				IPHONEOS_DEPLOYMENT_TARGET = 17.0;
				LD_RUNPATH_SEARCH_PATHS = (
					"$(inherited)",
					"@executable_path/Frameworks",
					"@loader_path/Frameworks",
				);
				MARKETING_VERSION = 1.0;
				PRODUCT_BUNDLE_IDENTIFIER = "com.tsugu-labs.KaomojiKeyboardTests";
				PRODUCT_NAME = "$(TARGET_NAME)";
				SWIFT_EMIT_LOC_STRINGS = NO;
				SWIFT_VERSION = 5.0;
				TARGETED_DEVICE_FAMILY = "1,2";
				TEST_HOST = "$(BUILT_PRODUCTS_DIR)/KaomojiKeyboard.app/$(BUNDLE_EXECUTABLE_FOLDER_PATH)/KaomojiKeyboard";
			};
			name = Debug;
		};
		CB000002 /* Release */ = {
			isa = XCBuildConfiguration;
			buildSettings = {
				BUNDLE_LOADER = "$(TEST_HOST)";
				CODE_SIGN_STYLE = Automatic;
				CURRENT_PROJECT_VERSION = 1;
				DEVELOPMENT_TEAM = 3U5876YZ4F;
				GENERATE_INFOPLIST_FILE = YES;
				IPHONEOS_DEPLOYMENT_TARGET = 17.0;
				LD_RUNPATH_SEARCH_PATHS = (
					"$(inherited)",
					"@executable_path/Frameworks",
					"@loader_path/Frameworks",
				);
				MARKETING_VERSION = 1.0;
				PRODUCT_BUNDLE_IDENTIFIER = "com.tsugu-labs.KaomojiKeyboardTests";
				PRODUCT_NAME = "$(TARGET_NAME)";
				SWIFT_EMIT_LOC_STRINGS = NO;
				SWIFT_VERSION = 5.0;
				TARGETED_DEVICE_FAMILY = "1,2";
				TEST_HOST = "$(BUILT_PRODUCTS_DIR)/KaomojiKeyboard.app/$(BUNDLE_EXECUTABLE_FOLDER_PATH)/KaomojiKeyboard";
			};
			name = Release;
		};
/* End XCBuildConfiguration section */

/* Begin XCConfigurationList section */
		AA000001 /* Build configuration list for PBXNativeTarget "KaomojiKeyboard" */ = {
			isa = XCConfigurationList;
			buildConfigurations = (
				AB000003 /* Debug */,
				AB000004 /* Release */,
			);
			defaultConfigurationIsVisible = 0;
			defaultConfigurationName = Release;
		};
		AA000002 /* Build configuration list for PBXNativeTarget "KeyboardExtension" */ = {
			isa = XCConfigurationList;
			buildConfigurations = (
				AB000005 /* Debug */,
				AB000006 /* Release */,
			);
			defaultConfigurationIsVisible = 0;
			defaultConfigurationName = Release;
		};
		AA000003 /* Build configuration list for PBXProject "KaomojiKeyboard" */ = {
			isa = XCConfigurationList;
			buildConfigurations = (
				AB000001 /* Debug */,
				AB000002 /* Release */,
			);
			defaultConfigurationIsVisible = 0;
			defaultConfigurationName = Release;
		};
		CA000001 /* Build configuration list for PBXNativeTarget "KaomojiKeyboardTests" */ = {
			isa = XCConfigurationList;
			buildConfigurations = (
				CB000001 /* Debug */,
				CB000002 /* Release */,
			);
			defaultConfigurationIsVisible = 0;
			defaultConfigurationName = Release;
		};
/* End XCConfigurationList section */
	};
	rootObject = A5000001 /* Project object */;
}
